# THIS IS AN AUTOGENERATED FILE. DO NOT EDIT THIS FILE DIRECTLY.
# yarn lockfile v1


"@next/env@13.0.3-canary.3":
  version "13.0.3-canary.3"
  resolved "https://registry.yarnpkg.com/@next/env/-/env-13.0.3-canary.3.tgz#f37882ed7e291b96645d7a5788a157b5d6d9e88a"
  integrity sha512-lc3FLxSWL+NMmjuaJEwKRlFJ5JPIrEAh5Pq/EMlVTEgEip4S5lNEBSArOJE45Dm+bk7NIjVntMNBCSjzNzB8ig==

"@next/swc-android-arm-eabi@13.0.3-canary.3":
  version "13.0.3-canary.3"
  resolved "https://registry.yarnpkg.com/@next/swc-android-arm-eabi/-/swc-android-arm-eabi-13.0.3-canary.3.tgz#ab1835249860bd56e3d0ec3a5f2977d0dd2cdc6b"
  integrity sha512-odaU9l08tGAOoYEUYLaA/ByZgoHcCLD671WoLhcSyShcXRkimUA0iRW+ZO19y0k8D9XdJx5dbznoBKZw/5BPOQ==

"@next/swc-android-arm64@13.0.3-canary.3":
  version "13.0.3-canary.3"
  resolved "https://registry.yarnpkg.com/@next/swc-android-arm64/-/swc-android-arm64-13.0.3-canary.3.tgz#40cf3c315288224ab8e9477809eaca2d5d70d3fa"
  integrity sha512-3iHs3LviVGdDYVgQ6lDMnryuJ7m0+7IDmvZTkZPGycuPV4VVMhOZUibnf6tYdtbZqfYyPKv1iqiwyD83opCcTA==

"@next/swc-darwin-arm64@13.0.3-canary.3":
  version "13.0.3-canary.3"
  resolved "https://registry.yarnpkg.com/@next/swc-darwin-arm64/-/swc-darwin-arm64-13.0.3-canary.3.tgz#5552e4d0ebd16cd4a2d708c9c6df8588cc15eafd"
  integrity sha512-qSRGi/aD8YFXKlwuS1ZgfySUALTPr/RXZNRJ7o4WoZEpFuZcgGMqoDYDepcDqkhkfaSSyzqZ6yXDXf8OcJPyxQ==

"@next/swc-darwin-x64@13.0.3-canary.3":
  version "13.0.3-canary.3"
  resolved "https://registry.yarnpkg.com/@next/swc-darwin-x64/-/swc-darwin-x64-13.0.3-canary.3.tgz#3c66cbd44bccf127ed68f0741a706147e7669e25"
  integrity sha512-tkV8WoC9LDsqAsyBdL2RJejTMFwO3GeK8DHkducPA27lRjTLVY3uWWPlonw0ZgaUCs1iAOjkDujy2V+SqXelsQ==

"@next/swc-freebsd-x64@13.0.3-canary.3":
  version "13.0.3-canary.3"
  resolved "https://registry.yarnpkg.com/@next/swc-freebsd-x64/-/swc-freebsd-x64-13.0.3-canary.3.tgz#b63797d9dae2078bdf0f1e63f89708962f5f33f5"
  integrity sha512-52o8CeRQ9CDew0rolWZAGs+oPJRqpIySsajwbbktqg7Xbf6ymLs4UVSm4/I+7CLmLV6NkV0cB271bOXg7NHVdg==

"@next/swc-linux-arm-gnueabihf@13.0.3-canary.3":
  version "13.0.3-canary.3"
  resolved "https://registry.yarnpkg.com/@next/swc-linux-arm-gnueabihf/-/swc-linux-arm-gnueabihf-13.0.3-canary.3.tgz#959916f8e92509ea4ae46ce5d4353b66b8a7c1b7"
  integrity sha512-TEjo3FXyyHk2/31u/xxuSpLo+ufjfCv81eht4CwVkX56/S9XDf8Z+U56wfYOsHQetJtJkF4IKH6/pmvKdfb8qA==

"@next/swc-linux-arm64-gnu@13.0.3-canary.3":
  version "13.0.3-canary.3"
  resolved "https://registry.yarnpkg.com/@next/swc-linux-arm64-gnu/-/swc-linux-arm64-gnu-13.0.3-canary.3.tgz#d4546c38bdf543281daa537517894c377672f2a0"
  integrity sha512-w5X5rtjN9YPpaOfesjB+on6RxA6kS8FRiO995wkRwBqErjy4YAGDMkrZKcswO5ewtisjSmk5b21tJmcDfYQxkw==

"@next/swc-linux-arm64-musl@13.0.3-canary.3":
  version "13.0.3-canary.3"
  resolved "https://registry.yarnpkg.com/@next/swc-linux-arm64-musl/-/swc-linux-arm64-musl-13.0.3-canary.3.tgz#20494375d17642ea10ea93595640ec5b388d364a"
  integrity sha512-nd/+YVhcL3ymRgaUOpP15HRVTkTUvJKIPrsh3734eoytj35jXiZtF4djDRbre1oOkNAicLnqsNvoRulmvyo8VQ==

"@next/swc-linux-x64-gnu@13.0.3-canary.3":
  version "13.0.3-canary.3"
  resolved "https://registry.yarnpkg.com/@next/swc-linux-x64-gnu/-/swc-linux-x64-gnu-13.0.3-canary.3.tgz#2312e05fd09c60b9e7a815c96c45ccdf552941ef"
  integrity sha512-zSdHWEJiEjnrZY0h93ZbfPeWbGHLeAeUb6n4rUxy4prAOK2GmVv6wIaZWB/i0D6Ni+PitL0XU0+0Nhvpc8nbew==

"@next/swc-linux-x64-musl@13.0.3-canary.3":
  version "13.0.3-canary.3"
  resolved "https://registry.yarnpkg.com/@next/swc-linux-x64-musl/-/swc-linux-x64-musl-13.0.3-canary.3.tgz#fcc1f229cde72b0839f73253682171af8f3047eb"
  integrity sha512-5s3EuQAmSX4wLhyrE1X8QxG3DXcjdVdpVLbo09u8E3MV4U0NiRs8vWxUysivxCNVv1P7Go6IgnQIdCIT+aqSIg==

"@next/swc-win32-arm64-msvc@13.0.3-canary.3":
  version "13.0.3-canary.3"
  resolved "https://registry.yarnpkg.com/@next/swc-win32-arm64-msvc/-/swc-win32-arm64-msvc-13.0.3-canary.3.tgz#3e39631fd6f3cba12d0d545e66b3f5726cfcdc26"
  integrity sha512-JviPFoATF96nA7f6Kmbvx47VDAwmnnHPy2UZYyXqLNvGHwdDQfQnGvK4lR5ItkpuofuV1gYCed4JHrEDqi4XLQ==

"@next/swc-win32-ia32-msvc@13.0.3-canary.3":
  version "13.0.3-canary.3"
  resolved "https://registry.yarnpkg.com/@next/swc-win32-ia32-msvc/-/swc-win32-ia32-msvc-13.0.3-canary.3.tgz#c79cfa0e3ee5f1ee72b8b90dbdb6b832a9cfbf0e"
  integrity sha512-KZIH4qsbmIr4zyTpzFNW7D/z0oVOOMLFb9Fy4qSXDUJ9S8692sel7G8IL5hdjcWoTMb0IkDuxkf92XVCvj4vKQ==

"@next/swc-win32-x64-msvc@13.0.3-canary.3":
  version "13.0.3-canary.3"
  resolved "https://registry.yarnpkg.com/@next/swc-win32-x64-msvc/-/swc-win32-x64-msvc-13.0.3-canary.3.tgz#5093220b524f8a8496d80b5c6f210306d577439a"
  integrity sha512-ZgdZ0wHYA1dbUjXW8W+1ndW1gvKqXM2M+vhY24xnqaWFYnK7OQaEO11iuFmuusxqGAHvI8xezEwUgogju6iVJQ==

"@swc/helpers@0.4.11":
  version "0.4.11"
  resolved "https://registry.yarnpkg.com/@swc/helpers/-/helpers-0.4.11.tgz#db23a376761b3d31c26502122f349a21b592c8de"
  integrity sha512-rEUrBSGIoSFuYxwBYtlUFMlE2CwGhmW+w9355/5oduSw8e5h2+Tj4UrAGNNgP9915++wj5vkQo0UuOBqOAq4nw==
  dependencies:
    tslib "^2.4.0"

caniuse-lite@^1.0.30001406:
  version "1.0.30001426"
  resolved "https://registry.yarnpkg.com/caniuse-lite/-/caniuse-lite-1.0.30001426.tgz#58da20446ccd0cb1dfebd11d2350c907ee7c2eaa"
  integrity sha512-n7cosrHLl8AWt0wwZw/PJZgUg3lV0gk9LMI7ikGJwhyhgsd2Nb65vKvmSexCqq/J7rbH3mFG6yZZiPR5dLPW5A==

client-only@0.0.1:
  version "0.0.1"
  resolved "https://registry.yarnpkg.com/client-only/-/client-only-0.0.1.tgz#38bba5d403c41ab150bff64a95c85013cf73bca1"
  integrity sha512-IV3Ou0jSMzZrd3pZ48nLkT9DA7Ag1pnPzaiQhpW7c3RbcqqzvzzVu+L8gfqMp/8IM2MQtSiqaCxrrcfu8I8rMA==

"js-tokens@^3.0.0 || ^4.0.0":
  version "4.0.0"
  resolved "https://registry.yarnpkg.com/js-tokens/-/js-tokens-4.0.0.tgz#19203fb59991df98e3a287050d4647cdeaf32499"
  integrity sha512-RdJUflcE3cUzKiMqQgsCu06FPu9UdIJO0beYbPhHN4k6apgJtifcoCtT9bcxOpYBtpD2kCM6Sbzg4CausW/PKQ==

loose-envify@^1.1.0:
  version "1.4.0"
  resolved "https://registry.yarnpkg.com/loose-envify/-/loose-envify-1.4.0.tgz#71ee51fa7be4caec1a63839f7e682d8132d30caf"
  integrity sha512-lyuxPGr/Wfhrlem2CL/UcnUc1zcqKAImBDzukY7Y5F/yQiNdko6+fRLevlw1HgMySw7f611UIY408EtxRSoK3Q==
  dependencies:
    js-tokens "^3.0.0 || ^4.0.0"

nanoid@^3.3.4:
  version "3.3.4"
  resolved "https://registry.yarnpkg.com/nanoid/-/nanoid-3.3.4.tgz#730b67e3cd09e2deacf03c027c81c9d9dbc5e8ab"
  integrity sha512-MqBkQh/OHTS2egovRtLk45wEyNXwF+cokD+1YPf9u5VfJiRdAiRwB2froX5Co9Rh20xs4siNPm8naNotSD6RBw==

next@^13.0.3-canary.3:
  version "13.0.3-canary.3"
  resolved "https://registry.yarnpkg.com/next/-/next-13.0.3-canary.3.tgz#a39ad6ab39f20bc03bc8b037c8d31c2e720dc82f"
  integrity sha512-2xZsmAehNVpP9gHSRA3QnIqYEva43x4IMnuZkgO3UsITjnhIGkdbUvnUMjTRWzaLCe9rlFBLKMcteQC6tl2r4w==
  dependencies:
    "@next/env" "13.0.3-canary.3"
    "@swc/helpers" "0.4.11"
    caniuse-lite "^1.0.30001406"
    postcss "8.4.14"
    styled-jsx "5.1.0"
    use-sync-external-store "1.2.0"
  optionalDependencies:
    "@next/swc-android-arm-eabi" "13.0.3-canary.3"
    "@next/swc-android-arm64" "13.0.3-canary.3"
    "@next/swc-darwin-arm64" "13.0.3-canary.3"
    "@next/swc-darwin-x64" "13.0.3-canary.3"
    "@next/swc-freebsd-x64" "13.0.3-canary.3"
    "@next/swc-linux-arm-gnueabihf" "13.0.3-canary.3"
    "@next/swc-linux-arm64-gnu" "13.0.3-canary.3"
    "@next/swc-linux-arm64-musl" "13.0.3-canary.3"
    "@next/swc-linux-x64-gnu" "13.0.3-canary.3"
    "@next/swc-linux-x64-musl" "13.0.3-canary.3"
    "@next/swc-win32-arm64-msvc" "13.0.3-canary.3"
    "@next/swc-win32-ia32-msvc" "13.0.3-canary.3"
    "@next/swc-win32-x64-msvc" "13.0.3-canary.3"

picocolors@^1.0.0:
  version "1.0.0"
  resolved "https://registry.yarnpkg.com/picocolors/-/picocolors-1.0.0.tgz#cb5bdc74ff3f51892236eaf79d68bc44564ab81c"
  integrity sha512-1fygroTLlHu66zi26VoTDv8yRgm0Fccecssto+MhsZ0D/DGW2sm8E8AjW7NU5VVTRt5GxbeZ5qBuJr+HyLYkjQ==

postcss@8.4.14:
  version "8.4.14"
  resolved "https://registry.yarnpkg.com/postcss/-/postcss-8.4.14.tgz#ee9274d5622b4858c1007a74d76e42e56fd21caf"
  integrity sha512-E398TUmfAYFPBSdzgeieK2Y1+1cpdxJx8yXbK/m57nRhKSmk1GB2tO4lbLBtlkfPQTDKfe4Xqv1ASWPpayPEig==
  dependencies:
    nanoid "^3.3.4"
    picocolors "^1.0.0"
    source-map-js "^1.0.2"

react-dom@^18.2.0:
  version "18.2.0"
  resolved "https://registry.yarnpkg.com/react-dom/-/react-dom-18.2.0.tgz#22aaf38708db2674ed9ada224ca4aa708d821e3d"
  integrity sha512-6IMTriUmvsjHUjNtEDudZfuDQUoWXVxKHhlEGSk81n4YFS+r/Kl99wXiwlVXtPBtJenozv2P+hxDsw9eA7Xo6g==
  dependencies:
    loose-envify "^1.1.0"
    scheduler "^0.23.0"

react@^18.2.0:
  version "18.2.0"
  resolved "https://registry.yarnpkg.com/react/-/react-18.2.0.tgz#555bd98592883255fa00de14f1151a917b5d77d5"
  integrity sha512-/3IjMdb2L9QbBdWiW5e3P2/npwMBaU9mHCSCUzNln0ZCYbcfTsGbTJrU/kGemdH2IWmB2ioZ+zkxtmq6g09fGQ==
  dependencies:
    loose-envify "^1.1.0"

scheduler@^0.23.0:
  version "0.23.0"
  resolved "https://registry.yarnpkg.com/scheduler/-/scheduler-0.23.0.tgz#ba8041afc3d30eb206a487b6b384002e4e61fdfe"
  integrity sha512-CtuThmgHNg7zIZWAXi3AsyIzA3n4xx7aNyjwC2VJldO2LMVDhFK+63xGqq6CsJH4rTAt6/M+N4GhZiDYPx9eUw==
  dependencies:
    loose-envify "^1.1.0"

source-map-js@^1.0.2:
  version "1.0.2"
  resolved "https://registry.yarnpkg.com/source-map-js/-/source-map-js-1.0.2.tgz#adbc361d9c62df380125e7f161f71c826f1e490c"
  integrity sha512-R0XvVJ9WusLiqTCEiGCmICCMplcCkIwwR11mOSD9CR5u+IXYdiseeEuXCVAjS54zqwkLcPNnmU4OeJ6tUrWhDw==

styled-jsx@5.1.0:
  version "5.1.0"
  resolved "https://registry.yarnpkg.com/styled-jsx/-/styled-jsx-5.1.0.tgz#4a5622ab9714bd3fcfaeec292aa555871f057563"
  integrity sha512-/iHaRJt9U7T+5tp6TRelLnqBqiaIT0HsO0+vgyj8hK2KUk7aejFqRrumqPUlAqDwAj8IbS/1hk3IhBAAK/FCUQ==
  dependencies:
    client-only "0.0.1"

tslib@^2.4.0:
  version "2.4.0"
  resolved "https://registry.yarnpkg.com/tslib/-/tslib-2.4.0.tgz#7cecaa7f073ce680a05847aa77be941098f36dc3"
  integrity sha512-d6xOpEDfsi2CZVlPQzGeux8XMwLT9hssAsaPYExaQMuYskwb+x1x7J371tWlbBdWHroy99KnVB6qIkUbs5X3UQ==

use-sync-external-store@1.2.0:
  version "1.2.0"
  resolved "https://registry.yarnpkg.com/use-sync-external-store/-/use-sync-external-store-1.2.0.tgz#7dbefd6ef3fe4e767a0cf5d7287aacfb5846928a"
  integrity sha512-eEgnFxGQ1Ife9bzYs6VLi8/4X6CObHMw9Qr9tPY43iKwsPw8xE8+EFsf/2cFZ5S3esXgpWgtSCtLNS41F+sKPA==
